Microsoft Visual Studio Solution File, Format Version 12.00
# Visual Studio 2012
Project("{FAE04EC0-301F-11D3-BF4B-00C04F79EFBC}") = "test-fps", "test-fps.csproj", "{DC47CCBA-8D96-48D8-81DC-9A10A1DBD515}"
EndProject
Global
	GlobalSection(SolutionConfigurationPlatforms) = preSolution
	Debug|Any CPU = Debug|Any CPU
	ExportDebug|Any CPU = ExportDebug|Any CPU
	ExportRelease|Any CPU = ExportRelease|Any CPU
	EndGlobalSection
	GlobalSection(ProjectConfigurationPlatforms) = postSolution
		{DC47CCBA-8D96-48D8-81DC-9A10A1DBD515}.Debug|Any CPU.ActiveCfg = Debug|Any CPU
		{DC47CCBA-8D96-48D8-81DC-9A10A1DBD515}.Debug|Any CPU.Build.0 = Debug|Any CPU
		{DC47CCBA-8D96-48D8-81DC-9A10A1DBD515}.ExportDebug|Any CPU.ActiveCfg = ExportDebug|Any CPU
		{DC47CCBA-8D96-48D8-81DC-9A10A1DBD515}.ExportDebug|Any CPU.Build.0 = ExportDebug|Any CPU
		{DC47CCBA-8D96-48D8-81DC-9A10A1DBD515}.ExportRelease|Any CPU.ActiveCfg = ExportRelease|Any CPU
		{DC47CCBA-8D96-48D8-81DC-9A10A1DBD515}.ExportRelease|Any CPU.Build.0 = ExportRelease|Any CPU
	EndGlobalSection
EndGlobal
